
Microsoft Visual Studio Solution File, Format Version 12.00
# Visual Studio 2013
VisualStudioVersion = 12.0.21005.1
MinimumVisualStudioVersion = 10.0.40219.1
Project("{FAE04EC0-301F-11D3-BF4B-00C04F79EFBC}") = "DAL.Interfaces", "DAL.Interfaces\DAL.Interfaces.csproj", "{64820125-B097-4D52-8411-55758F82808C}"
EndProject
Project("{FAE04EC0-301F-11D3-BF4B-00C04F79EFBC}") = "DAL", "DAL\DAL.csproj", "{5573F86B-1151-434A-AA71-1F5730C9949A}"
EndProject
Project("{FAE04EC0-301F-11D3-BF4B-00C04F79EFBC}") = "ConsolePL", "ConsolePL\ConsolePL.csproj", "{0F20D732-5817-491F-9939-4F7B4288D5CA}"
EndProject
Project("{FAE04EC0-301F-11D3-BF4B-00C04F79EFBC}") = "BLL.Interfaces", "BLL.Interfaces\BLL.Interfaces.csproj", "{197E2B0B-06AF-4E15-9679-B6DADDF0B0A6}"
EndProject
Project("{FAE04EC0-301F-11D3-BF4B-00C04F79EFBC}") = "BLL", "BLL\BLL.csproj", "{612C35D0-AC14-420F-AE49-11437BE25AF7}"
EndProject
Project("{FAE04EC0-301F-11D3-BF4B-00C04F79EFBC}") = "MvcPL", "MvcPL\MvcPL.csproj", "{61956532-1675-4870-8C87-044EAD308C6C}"
EndProject
Global
	GlobalSection(SolutionConfigurationPlatforms) = preSolution
		Debug|Any CPU = Debug|Any CPU
		Release|Any CPU = Release|Any CPU
	EndGlobalSection
	GlobalSection(ProjectConfigurationPlatforms) = postSolution
		{64820125-B097-4D52-8411-55758F82808C}.Debug|Any CPU.ActiveCfg = Debug|Any CPU
		{64820125-B097-4D52-8411-55758F82808C}.Debug|Any CPU.Build.0 = Debug|Any CPU
		{64820125-B097-4D52-8411-55758F82808C}.Release|Any CPU.ActiveCfg = Release|Any CPU
		{64820125-B097-4D52-8411-55758F82808C}.Release|Any CPU.Build.0 = Release|Any CPU
		{5573F86B-1151-434A-AA71-1F5730C9949A}.Debug|Any CPU.ActiveCfg = Debug|Any CPU
		{5573F86B-1151-434A-AA71-1F5730C9949A}.Debug|Any CPU.Build.0 = Debug|Any CPU
		{5573F86B-1151-434A-AA71-1F5730C9949A}.Release|Any CPU.ActiveCfg = Release|Any CPU
		{5573F86B-1151-434A-AA71-1F5730C9949A}.Release|Any CPU.Build.0 = Release|Any CPU
		{0F20D732-5817-491F-9939-4F7B4288D5CA}.Debug|Any CPU.ActiveCfg = Debug|Any CPU
		{0F20D732-5817-491F-9939-4F7B4288D5CA}.Debug|Any CPU.Build.0 = Debug|Any CPU
		{0F20D732-5817-491F-9939-4F7B4288D5CA}.Release|Any CPU.ActiveCfg = Release|Any CPU
		{0F20D732-5817-491F-9939-4F7B4288D5CA}.Release|Any CPU.Build.0 = Release|Any CPU
		{197E2B0B-06AF-4E15-9679-B6DADDF0B0A6}.Debug|Any CPU.ActiveCfg = Debug|Any CPU
		{197E2B0B-06AF-4E15-9679-B6DADDF0B0A6}.Debug|Any CPU.Build.0 = Debug|Any CPU
		{197E2B0B-06AF-4E15-9679-B6DADDF0B0A6}.Release|Any CPU.ActiveCfg = Release|Any CPU
		{197E2B0B-06AF-4E15-9679-B6DADDF0B0A6}.Release|Any CPU.Build.0 = Release|Any CPU
		{612C35D0-AC14-420F-AE49-11437BE25AF7}.Debug|Any CPU.ActiveCfg = Debug|Any CPU
		{612C35D0-AC14-420F-AE49-11437BE25AF7}.Debug|Any CPU.Build.0 = Debug|Any CPU
		{612C35D0-AC14-420F-AE49-11437BE25AF7}.Release|Any CPU.ActiveCfg = Release|Any CPU
		{612C35D0-AC14-420F-AE49-11437BE25AF7}.Release|Any CPU.Build.0 = Release|Any CPU
		{61956532-1675-4870-8C87-044EAD308C6C}.Debug|Any CPU.ActiveCfg = Debug|Any CPU
		{61956532-1675-4870-8C87-044EAD308C6C}.Debug|Any CPU.Build.0 = Debug|Any CPU
		{61956532-1675-4870-8C87-044EAD308C6C}.Release|Any CPU.ActiveCfg = Release|Any CPU
		{61956532-1675-4870-8C87-044EAD308C6C}.Release|Any CPU.Build.0 = Release|Any CPU
	EndGlobalSection
	GlobalSection(SolutionProperties) = preSolution
		HideSolutionNode = FALSE
	EndGlobalSection
EndGlobal
